
Microsoft Visual Studio Solution File, Format Version 12.00
# Visual Studio Version 17
VisualStudioVersion = 17.12.35521.163
MinimumVisualStudioVersion = 10.0.40219.1
Project("{FAE04EC0-301F-11D3-BF4B-00C04F79EFBC}") = "MovieApi", "MovieApi\MovieApi.csproj", "{D0E448A4-F05F-4AF4-A058-0AF941308D72}"
EndProject
Project("{2150E333-8FDC-42A3-9474-1A3956D46DE8}") = "Client", "Client", "{DB691D8D-08E4-44F1-89C1-829C1331F360}"
EndProject
Project("{FAE04EC0-301F-11D3-BF4B-00C04F79EFBC}") = "Movie", "Movie\Movie.csproj", "{5E8E081C-A490-465C-8402-DD387A947598}"
EndProject
Global
	GlobalSection(SolutionConfigurationPlatforms) = preSolution
		Debug|Any CPU = Debug|Any CPU
		Release|Any CPU = Release|Any CPU
	EndGlobalSection
	GlobalSection(ProjectConfigurationPlatforms) = postSolution
		{D0E448A4-F05F-4AF4-A058-0AF941308D72}.Debug|Any CPU.ActiveCfg = Debug|Any CPU
		{D0E448A4-F05F-4AF4-A058-0AF941308D72}.Debug|Any CPU.Build.0 = Debug|Any CPU
		{D0E448A4-F05F-4AF4-A058-0AF941308D72}.Release|Any CPU.ActiveCfg = Release|Any CPU
		{D0E448A4-F05F-4AF4-A058-0AF941308D72}.Release|Any CPU.Build.0 = Release|Any CPU
		{5E8E081C-A490-465C-8402-DD387A947598}.Debug|Any CPU.ActiveCfg = Debug|Any CPU
		{5E8E081C-A490-465C-8402-DD387A947598}.Debug|Any CPU.Build.0 = Debug|Any CPU
		{5E8E081C-A490-465C-8402-DD387A947598}.Release|Any CPU.ActiveCfg = Release|Any CPU
		{5E8E081C-A490-465C-8402-DD387A947598}.Release|Any CPU.Build.0 = Release|Any CPU
	EndGlobalSection
	GlobalSection(SolutionProperties) = preSolution
		HideSolutionNode = FALSE
	EndGlobalSection
	GlobalSection(NestedProjects) = preSolution
		{5E8E081C-A490-465C-8402-DD387A947598} = {DB691D8D-08E4-44F1-89C1-829C1331F360}
	EndGlobalSection
EndGlobal
